
Microsoft Visual Studio Solution File, Format Version 11.00
# Visual Studio 2010
Project("{FAE04EC0-301F-11D3-BF4B-00C04F79EFBC}") = "ScareCorp", "Assembly-CSharp.csproj", "{4D1B2B21-3CF2-9FFC-60CE-790BB216CEF1}"
EndProject
Project("{FAE04EC0-301F-11D3-BF4B-00C04F79EFBC}") = "ScareCorp", "Assembly-CSharp-Editor.csproj", "{FD594E5E-7436-B358-3BCF-0FB9FD028234}"
EndProject
Global
	GlobalSection(SolutionConfigurationPlatforms) = preSolution
		Debug|Any CPU = Debug|Any CPU
		Release|Any CPU = Release|Any CPU
	EndGlobalSection
	GlobalSection(ProjectConfigurationPlatforms) = postSolution
		{4D1B2B21-3CF2-9FFC-60CE-790BB216CEF1}.Debug|Any CPU.ActiveCfg = Debug|Any CPU
		{4D1B2B21-3CF2-9FFC-60CE-790BB216CEF1}.Debug|Any CPU.Build.0 = Debug|Any CPU
		{4D1B2B21-3CF2-9FFC-60CE-790BB216CEF1}.Release|Any CPU.ActiveCfg = Release|Any CPU
		{4D1B2B21-3CF2-9FFC-60CE-790BB216CEF1}.Release|Any CPU.Build.0 = Release|Any CPU
		{FD594E5E-7436-B358-3BCF-0FB9FD028234}.Debug|Any CPU.ActiveCfg = Debug|Any CPU
		{FD594E5E-7436-B358-3BCF-0FB9FD028234}.Debug|Any CPU.Build.0 = Debug|Any CPU
		{FD594E5E-7436-B358-3BCF-0FB9FD028234}.Release|Any CPU.ActiveCfg = Release|Any CPU
		{FD594E5E-7436-B358-3BCF-0FB9FD028234}.Release|Any CPU.Build.0 = Release|Any CPU
	EndGlobalSection
	GlobalSection(SolutionProperties) = preSolution
		HideSolutionNode = FALSE
	EndGlobalSection
	GlobalSection(MonoDevelopProperties) = preSolution
		StartupItem = Assembly-CSharp.csproj
	EndGlobalSection
EndGlobal
